
Microsoft Visual Studio Solution File, Format Version 12.00
# Visual Studio Version 16
VisualStudioVersion = 16.0.31424.327
MinimumVisualStudioVersion = 10.0.40219.1
Project("{9A19103F-16F7-4668-BE54-9A1E7A4F7556}") = "BroccoliSoup.Api", "BroccoliSoup.Api\BroccoliSoup.Api.csproj", "{996E50D9-13FA-48A4-A5CE-29E94F15B607}"
EndProject
Project("{9A19103F-16F7-4668-BE54-9A1E7A4F7556}") = "BroccoliSoup.Logic", "BroccoliSoup.Logic\BroccoliSoup.Logic.csproj", "{C218227E-D32B-4459-9D79-819BA2072A57}"
EndProject
Global
	GlobalSection(SolutionConfigurationPlatforms) = preSolution
		Debug|Any CPU = Debug|Any CPU
		Release|Any CPU = Release|Any CPU
	EndGlobalSection
	GlobalSection(ProjectConfigurationPlatforms) = postSolution
		{996E50D9-13FA-48A4-A5CE-29E94F15B607}.Debug|Any CPU.ActiveCfg = Debug|Any CPU
		{996E50D9-13FA-48A4-A5CE-29E94F15B607}.Debug|Any CPU.Build.0 = Debug|Any CPU
		{996E50D9-13FA-48A4-A5CE-29E94F15B607}.Release|Any CPU.ActiveCfg = Release|Any CPU
		{996E50D9-13FA-48A4-A5CE-29E94F15B607}.Release|Any CPU.Build.0 = Release|Any CPU
		{C218227E-D32B-4459-9D79-819BA2072A57}.Debug|Any CPU.ActiveCfg = Debug|Any CPU
		{C218227E-D32B-4459-9D79-819BA2072A57}.Debug|Any CPU.Build.0 = Debug|Any CPU
		{C218227E-D32B-4459-9D79-819BA2072A57}.Release|Any CPU.ActiveCfg = Release|Any CPU
		{C218227E-D32B-4459-9D79-819BA2072A57}.Release|Any CPU.Build.0 = Release|Any CPU
	EndGlobalSection
	GlobalSection(SolutionProperties) = preSolution
		HideSolutionNode = FALSE
	EndGlobalSection
	GlobalSection(ExtensibilityGlobals) = postSolution
		SolutionGuid = {241ABA0A-314F-49B0-A4BF-8FBD8553E456}
	EndGlobalSection
EndGlobal
